# THIS IS AN AUTOGENERATED FILE. DO NOT EDIT THIS FILE DIRECTLY.
assets/ajax-loader.gif:
  development: 2017-12-12T20:49:17-05:00   deca8b0ecd6974227d157b6d7068995d
assets/gift-card.js:
  development: 2017-12-12T20:49:17-05:00   c73df2ee57cc9eb577f7a1858063495d
assets/gift-card.scss.liquid:
  development: 2017-12-12T20:49:17-05:00   647ae860a3a785081fa97f55b66cea83
assets/ico-select.svg.liquid:
  development: 2017-12-12T20:49:17-05:00   28de0c672609528b7c55f6f47810784b
assets/lazysizes.js:
  development: 2017-12-12T20:49:17-05:00   a27b15d827d7a26f9fa58fb6b4f9d4b6
assets/match-media.min.js:
  development: 2017-12-12T20:49:17-05:00   d0bf06c458a236dcca39b3be8cf80ec5
assets/otama.woff:
  development: 2017-12-12T21:23:34-05:00   b3f43afc83b2a31dca3c4544988d705b
assets/password.js:
  development: 2017-12-12T20:49:17-05:00   d826da9cb223a44d53a0c34f457e92dc
assets/styles.scss.liquid:
  development: 2018-01-08T01:26:32-05:00   fb156356f4676ba0c5edd1d263dfa8e8
assets/theme.js:
  development: 2017-12-12T20:49:18-05:00   a390a613cb501235e64059969fca9891
assets/theme.scss.liquid:
  development: 2018-01-08T01:25:51-05:00   34d5a9005e930e747a9b28944b3c6014
assets/vendor.js:
  development: 2017-12-12T20:49:18-05:00   cb7c4217c9b6feb844647b361accfe6c
config/settings_data.json:
  development: 2017-12-12T20:49:16-05:00   5e567d968ba26d5ee1bd0a982d35e727
config/settings_schema.json:
  development: 2018-01-08T00:26:25-05:00   87c243c50466857e2000f1e8ded94267
layout/gift_card.liquid:
  development: 2017-12-12T20:49:18-05:00   876374b0950e11992ce087d1d2bad3c8
layout/password.liquid:
  development: 2017-12-12T20:49:18-05:00   6351674ea67c53e01643a5bea02f7d0a
layout/theme.liquid:
  development: 2018-01-08T01:43:09-05:00   7e6f4af7a364230b7236ae915459ad13
locales/de.json:
  development: 2017-12-12T20:49:18-05:00   b7cd7749b0a0d9df967227ee73bcbb7f
locales/en.default.json:
  development: 2017-12-12T20:49:18-05:00   386f615a2292d94a5ccba5f0ece2be73
locales/es.json:
  development: 2017-12-12T20:49:18-05:00   1f7faec878ecdbd841a874f20548c252
locales/fr.json:
  development: 2017-12-12T20:49:18-05:00   6a7a530503406291c810ad803e1ae7d3
locales/it.json:
  development: 2017-12-12T20:49:19-05:00   1e9bf18e791cca0b5c22210f65193234
locales/ja.json:
  development: 2017-12-12T20:49:19-05:00   d37fd5030ba34cadec9ea376c939f2a1
locales/pt-BR.json:
  development: 2017-12-12T20:49:19-05:00   e34f8234dadd2e978e7d60c45069cda8
locales/pt-PT.json:
  development: 2017-12-12T20:49:19-05:00   9753246c7cfeeb72638f4df3170e0566
sections/password-content.liquid:
  development: 2017-12-12T20:49:16-05:00   a3f9a878372b9cc4908dedc0257b9c0e
sections/password-footer.liquid:
  development: 2017-12-12T20:49:16-05:00   0c543736abf1ace6be7207be17195203
sections/password-header.liquid:
  development: 2017-12-12T20:49:16-05:00   96c731183fa1c3f2f87ca66501494897
snippets/bgset.liquid:
  development: 2017-12-12T20:49:19-05:00   85889bbc39b57621f32fad66317366fc
snippets/collection-grid-item.liquid:
  development: 2017-12-12T20:49:19-05:00   209c8abd3531c95e503636cc520dd9ca
snippets/comment.liquid:
  development: 2017-12-12T20:49:19-05:00   50406c82467014e1bbe15a62685b2536
snippets/google-fonts.liquid:
  development: 2017-12-12T20:49:19-05:00   377ddc183ac7882100f47299bb8e0467
snippets/image-style.liquid:
  development: 2017-12-12T20:49:20-05:00   2d807ad1f4831d306d8e190b89d45c00
snippets/lmnt-footer.liquid:
  development: 2018-01-08T01:43:59-05:00   2e74a405a2e2d7d1f1da1478aed1f3ce
snippets/lmnt-nav.liquid:
  development: 2018-01-08T01:38:52-05:00   96d2bb1dae3b95fc8b8836e575406f7a
snippets/lmnt-webfonts.liquid:
  development: 2018-01-08T01:26:51-05:00   ba99b6d90b03ea1dbd05a6f010132a9a
snippets/no-blocks.liquid:
  development: 2017-12-12T20:49:20-05:00   0cb7d758b6df0feb07ae5804b4b627fa
snippets/pagination.liquid:
  development: 2017-12-12T20:49:20-05:00   21eb22fbf93da5d96f2d111ce4784463
snippets/product-card-grid.liquid:
  development: 2017-12-12T20:49:20-05:00   4688cc4ff89f19be4a58919fb7a3a8fe
snippets/product-card-list.liquid:
  development: 2017-12-12T20:49:20-05:00   701fa6db04bd9c70283028cc4274fc2f
snippets/product-price.liquid:
  development: 2017-12-12T20:49:20-05:00   6f6d1b55d488d08b5af74f762fa0a528
snippets/search-form.liquid:
  development: 2017-12-12T20:49:20-05:00   28a50f2542fd28c27fd3eb50ae816c46
snippets/site-nav.liquid:
  development: 2017-12-12T20:49:20-05:00   5b28d0e4ef9b072e0240be1b7b8c7b64
snippets/social-meta-tags.liquid:
  development: 2017-12-12T20:49:20-05:00   ae9e213401623b2601abf0ace8e21537
snippets/social-sharing.liquid:
  development: 2017-12-12T20:49:20-05:00   df66127392b32e401ac2dd2963c78047
templates/404.liquid:
  development: 2017-12-12T20:49:20-05:00   805b16263cdf5c85be9c507ad6b03623
templates/article.liquid:
  development: 2017-12-12T20:49:20-05:00   ee81292ccbf409a609d95a6d1a89d94f
templates/blog.liquid:
  development: 2017-12-12T20:49:20-05:00   2d9763b480fe6879080163b1e0e33e54
templates/cart.liquid:
  development: 2017-12-12T20:49:20-05:00   714b4b7c62d583b231f339bbd1b85d03
templates/collection.liquid:
  development: 2017-12-12T20:49:20-05:00   5db0256874fca1cc72a6f068888fe095
templates/customers/account.liquid:
  development: 2017-12-12T20:49:20-05:00   2150e58e96e6435f4449d4a71b395aa6
templates/customers/activate_account.liquid:
  development: 2017-12-12T20:49:20-05:00   857243216dbada72fb0fc9bc256da757
templates/customers/addresses.liquid:
  development: 2017-12-12T20:49:21-05:00   f430f4d7180c00a1e2c058124c26c0e9
templates/customers/login.liquid:
  development: 2017-12-12T20:49:21-05:00   28ed5c6acf621c8b4523bbc178f97955
templates/customers/order.liquid:
  development: 2017-12-12T20:49:21-05:00   e6fc7179a5a3904781b3847d8ef8c0f7
templates/customers/register.liquid:
  development: 2017-12-12T20:49:21-05:00   fcf72eba28fe5737b6be507228b2f5fc
templates/customers/reset_password.liquid:
  development: 2017-12-12T20:49:21-05:00   e80703307e36b8b5dd428463bace82cc
templates/gift_card.liquid:
  development: 2017-12-12T20:49:21-05:00   16c95e9922ddd30e37f0cf018e86597c
templates/index.liquid:
  development: 2017-12-12T20:49:21-05:00   56b51b6f96394db4b17c64b43e1c0010
templates/list-collections.liquid:
  development: 2017-12-12T20:49:21-05:00   d42f6d6957169811896f646709d353d9
templates/page.contact.liquid:
  development: 2017-12-12T20:49:21-05:00   854f7fd02acf64bc9ce31bfd6994f791
templates/page.liquid:
  development: 2017-12-12T20:49:21-05:00   26f97d3355078de5c6678ed3b34ad7f6
templates/password.liquid:
  development: 2017-12-12T20:49:21-05:00   30d1743d26765ce8c3fa53a3fdf9524f
templates/product.liquid:
  development: 2017-12-12T20:49:21-05:00   104c9411752892755502b61349a31329
templates/search.liquid:
  development: 2017-12-12T20:49:21-05:00   6e8bfd01622f992bf20c908bfb83337d
